{
  "name": "nesmeian-JSFEPRESCHOOL2023Q2",
  "lockfileVersion": 3,
  "requires": true,
  "packages": {
    "": {
      "dependencies": {
        "normalise": "^10.0.0"
      }
    },
    "node_modules/normalise": {
      "version": "10.0.0",
      "resolved": "https://registry.npmjs.org/normalise/-/normalise-10.0.0.tgz",
      "integrity": "sha512-GkWqxIAtSb22xMEitCP7MdmxI5jkD9T+jVkQ/+mGoxEfaaFPW/h4FIRjuGhBLbVnHwu7Ee0DgPUuYJJ6otjkrA==",
      "dependencies": {
        "to-decimal-arbitrary-precision": "^1.0.2"
      }
    },
    "node_modules/to-decimal-arbitrary-precision": {
      "version": "1.0.2",
      "resolved": "https://registry.npmjs.org/to-decimal-arbitrary-precision/-/to-decimal-arbitrary-precision-1.0.2.tgz",
      "integrity": "sha512-aKhSsosuUWm/1r/sRT11Asr1Yxw/7sWuKfYQjgBMqwgnLJOCEtefY5rr1UPX+QK9oLjQqIkxJhTMYQ1jM3P8vQ=="
    }
  }
}
